<?xml version="1.0" encoding="utf-8"?>
<Project ToolsVersion="4.0" xmlns="http://schemas.microsoft.com/developer/msbuild/2003">
  <ItemGroup>
    <Filter Include="99.Headers">
      <UniqueIdentifier>{c563e25a-48cc-4791-a7d3-6b3a9f4a57cd}</UniqueIdentifier>
    </Filter>
    <Filter Include="98.Default">
      <UniqueIdentifier>{f678c184-63a8-4cfa-954d-c3059debc9b4}</UniqueIdentifier>
    </Filter>
    <Filter Include="00.MainApp">
      <UniqueIdentifier>{7c2fc98c-f606-4759-b537-f86199e48fe8}</UniqueIdentifier>
    </Filter>
    <Filter Include="01.Scene">
      <UniqueIdentifier>{777165f1-d674-4159-9a68-feb080583436}</UniqueIdentifier>
    </Filter>
    <Filter Include="01.Scene\00.Scene_Loading">
      <UniqueIdentifier>{4b5ed366-1aa6-47e8-88e8-15e2a68db434}</UniqueIdentifier>
    </Filter>
    <Filter Include="01.Scene\01.Scene_Stage">
      <UniqueIdentifier>{840ece28-c0ac-44d6-9155-3d01ddabc13b}</UniqueIdentifier>
    </Filter>
    <Filter Include="01.Scene\00.Scene_Loading\Loading">
      <UniqueIdentifier>{5c446131-fe48-4280-80ad-d388ff7acdbf}</UniqueIdentifier>
    </Filter>
    <Filter Include="97.ShaderFiles">
      <UniqueIdentifier>{e20ca914-db13-45ea-83ea-f867ccc2de26}</UniqueIdentifier>
    </Filter>
    <Filter Include="04.Level">
      <UniqueIdentifier>{75fe4f1c-49cf-4c18-a92a-822be355c388}</UniqueIdentifier>
    </Filter>
    <Filter Include="01.Scene\03.Scene_Stage_3">
      <UniqueIdentifier>{484a6d6b-6fac-4a4e-accd-b74fb8d1aaf4}</UniqueIdentifier>
    </Filter>
    <Filter Include="01.Scene\02.Scene_Stage_2">
      <UniqueIdentifier>{9b29bf61-cec4-4394-9506-06e661497c42}</UniqueIdentifier>
    </Filter>
    <Filter Include="01.Scene\04.Scene_Stage_4">
      <UniqueIdentifier>{aa797208-8fb4-459d-856b-d30a11deb080}</UniqueIdentifier>
    </Filter>
    <Filter Include="02.GameObject">
      <UniqueIdentifier>{fb64fb1d-3a7d-4b82-88d7-be4c9dc80c87}</UniqueIdentifier>
    </Filter>
    <Filter Include="02.GameObject\BackGround">
      <UniqueIdentifier>{0ccbba01-374a-4c18-9044-f383cdf7a7fa}</UniqueIdentifier>
    </Filter>
    <Filter Include="02.GameObject\Camera">
      <UniqueIdentifier>{0f96bf52-5090-4c73-9ca7-0a0468de97e9}</UniqueIdentifier>
    </Filter>
    <Filter Include="02.GameObject\Camera\Camera_Free">
      <UniqueIdentifier>{65143fab-da9f-43cd-aa27-4ddf126fa78e}</UniqueIdentifier>
    </Filter>
    <Filter Include="02.GameObject\Camera\PipeLine">
      <UniqueIdentifier>{af164e92-a22c-48c5-9381-b217db7c6b8a}</UniqueIdentifier>
    </Filter>
    <Filter Include="02.GameObject\Wall">
      <UniqueIdentifier>{463e62b2-f85b-4705-9f41-91b51838508f}</UniqueIdentifier>
    </Filter>
    <Filter Include="05.Utility">
      <UniqueIdentifier>{6e80a6a3-b600-4c73-8a3d-7c0049fccd73}</UniqueIdentifier>
    </Filter>
    <Filter Include="05.Utility\00.Clock">
      <UniqueIdentifier>{a7975227-3f0c-47bf-b2a8-490718d88fe8}</UniqueIdentifier>
    </Filter>
    <Filter Include="02.GameObject\UI">
      <UniqueIdentifier>{9d2e6977-59e0-481f-9c97-6aad1dc3dee8}</UniqueIdentifier>
    </Filter>
    <Filter Include="02.GameObject\Trigger">
      <UniqueIdentifier>{e8c130c9-ba2f-4c37-b88f-e56ef110b4d5}</UniqueIdentifier>
    </Filter>
    <Filter Include="02.GameObject\Cube">
      <UniqueIdentifier>{4bfc3608-7b3f-4807-b668-7585476aa4aa}</UniqueIdentifier>
    </Filter>
    <Filter Include="02.GameObject\Terrain">
      <UniqueIdentifier>{34afd2c1-6437-4f2a-ab00-5dc04152938d}</UniqueIdentifier>
    </Filter>
    <Filter Include="02.GameObject\Sky">
      <UniqueIdentifier>{c3bf244c-c92c-45e9-9388-67edb75e67b9}</UniqueIdentifier>
    </Filter>
    <Filter Include="05.Utility\01.Value">
      <UniqueIdentifier>{f68027a6-788d-46b8-8e02-eea200a0230f}</UniqueIdentifier>
    </Filter>
    <Filter Include="06.PickingMgr">
      <UniqueIdentifier>{8120b7bc-b324-48a7-9ac4-442a843f6fa3}</UniqueIdentifier>
    </Filter>
    <Filter Include="06.Component">
      <UniqueIdentifier>{321c95a4-744e-49aa-bb8e-dcd714d5be9e}</UniqueIdentifier>
    </Filter>
    <Filter Include="06.Component\AIState">
      <UniqueIdentifier>{b5114dbf-4278-44d0-869c-abc52001059e}</UniqueIdentifier>
    </Filter>
    <Filter Include="06.Component\AIState\Controller">
      <UniqueIdentifier>{370ffeab-42ca-40be-af1a-87f0046dd8fb}</UniqueIdentifier>
    </Filter>
    <Filter Include="06.Component\AIState\AIState">
      <UniqueIdentifier>{ad26e587-6807-44bd-94b3-3320f6373e92}</UniqueIdentifier>
    </Filter>
    <Filter Include="02.GameObject\Interactable">
      <UniqueIdentifier>{c6b01569-864f-4e55-8fc2-a98d07737271}</UniqueIdentifier>
    </Filter>
    <Filter Include="02.GameObject\Interactable\Unit">
      <UniqueIdentifier>{7ddb5c67-28ae-4f87-9c15-d324e6b67ffa}</UniqueIdentifier>
    </Filter>
    <Filter Include="02.GameObject\Interactable\Unit\00.Marine">
      <UniqueIdentifier>{69ead615-b411-4dc8-8c72-0c90f9af5b90}</UniqueIdentifier>
    </Filter>
    <Filter Include="02.GameObject\Interactable\Unit\01.Firebat">
      <UniqueIdentifier>{d93b5f7b-4691-46d6-be18-0ce7ebf25cae}</UniqueIdentifier>
    </Filter>
    <Filter Include="02.GameObject\Interactable\Unit\02.Walker">
      <UniqueIdentifier>{03f7e775-533f-45a7-afd7-bed4abdba7a7}</UniqueIdentifier>
    </Filter>
    <Filter Include="02.GameObject\Interactable\Building">
      <UniqueIdentifier>{cf34c677-cf30-473b-822a-b6b691f0750f}</UniqueIdentifier>
    </Filter>
    <Filter Include="02.GameObject\Interactable\Building\Barricade">
      <UniqueIdentifier>{e8bcff0c-03f9-4081-99d9-7cca005b6ad8}</UniqueIdentifier>
    </Filter>
    <Filter Include="02.GameObject\Interactable\Building\CommandCenter">
      <UniqueIdentifier>{fe991a24-030b-4dde-bc30-7824f127599f}</UniqueIdentifier>
    </Filter>
    <Filter Include="02.GameObject\Image3D">
      <UniqueIdentifier>{10d92846-3e88-4e7b-9ee7-f0b564f6f06a}</UniqueIdentifier>
    </Filter>
    <Filter Include="02.GameObject\UI\UI">
      <UniqueIdentifier>{73064fef-ba46-4515-8428-c4229b8f928d}</UniqueIdentifier>
    </Filter>
    <Filter Include="02.GameObject\UI\UI\Button">
      <UniqueIdentifier>{d1571137-965b-4cea-864e-45c353c6554b}</UniqueIdentifier>
    </Filter>
    <Filter Include="02.GameObject\UI\UI\Image">
      <UniqueIdentifier>{5d4bb0d1-1507-44fb-9ab8-d3aeeec8d854}</UniqueIdentifier>
    </Filter>
    <Filter Include="02.GameObject\UI\Mananger">
      <UniqueIdentifier>{9c21f4d5-71e2-4fc0-889e-6848467bcca5}</UniqueIdentifier>
    </Filter>
    <Filter Include="02.GameObject\UI\UI\TileUI">
      <UniqueIdentifier>{bbfa546e-e48c-4bcb-9a58-9307fe01103d}</UniqueIdentifier>
    </Filter>
    <Filter Include="07.GameMgr">
      <UniqueIdentifier>{d4f18578-af93-4e0c-8bbc-cd0ce1e4fb5a}</UniqueIdentifier>
    </Filter>
  </ItemGroup>
  <ItemGroup>
    <Text Include="ReadMe.txt" />
  </ItemGroup>
  <ItemGroup>
    <ClInclude Include="Client.h">
      <Filter>98.Default</Filter>
    </ClInclude>
    <ClInclude Include="Resource.h">
      <Filter>98.Default</Filter>
    </ClInclude>
    <ClInclude Include="stdafx.h">
      <Filter>98.Default</Filter>
    </ClInclude>
    <ClInclude Include="targetver.h">
      <Filter>98.Default</Filter>
    </ClInclude>
    <ClInclude Include="..\Headers\MainApp.h">
      <Filter>00.MainApp</Filter>
    </ClInclude>
    <ClInclude Include="..\Headers\Client_Defines.h">
      <Filter>99.Headers</Filter>
    </ClInclude>
    <ClInclude Include="..\Headers\Scene_Loading.h">
      <Filter>01.Scene\00.Scene_Loading</Filter>
    </ClInclude>
    <ClInclude Include="..\Headers\Loading.h">
      <Filter>01.Scene\00.Scene_Loading\Loading</Filter>
    </ClInclude>
    <ClInclude Include="..\Headers\Scene_Stage.h">
      <Filter>01.Scene\01.Scene_Stage</Filter>
    </ClInclude>
    <ClInclude Include="..\Headers\BackGround.h">
      <Filter>02.GameObject\BackGround</Filter>
    </ClInclude>
    <ClInclude Include="..\Headers\Camera_Free.h">
      <Filter>02.GameObject\Camera\Camera_Free</Filter>
    </ClInclude>
    <ClInclude Include="..\Headers\Level.h">
      <Filter>04.Level</Filter>
    </ClInclude>
    <ClInclude Include="..\Headers\Wall.h">
      <Filter>02.GameObject\Wall</Filter>
    </ClInclude>
    <ClInclude Include="Client_Struct.h">
      <Filter>99.Headers</Filter>
    </ClInclude>
    <ClInclude Include="..\Headers\Scene_Stage2.h">
      <Filter>01.Scene\02.Scene_Stage_2</Filter>
    </ClInclude>
    <ClInclude Include="..\Headers\Scene_Stage3.h">
      <Filter>01.Scene\03.Scene_Stage_3</Filter>
    </ClInclude>
    <ClInclude Include="..\Headers\Scene_Stage4.h">
      <Filter>01.Scene\04.Scene_Stage_4</Filter>
    </ClInclude>
    <ClInclude Include="MyButton.h">
      <Filter>02.GameObject\UI\UI\Button</Filter>
    </ClInclude>
    <ClInclude Include="..\Headers\MyImage.h">
      <Filter>02.GameObject\UI\UI\Image</Filter>
    </ClInclude>
    <ClInclude Include="..\Headers\Clock.h">
      <Filter>05.Utility\00.Clock</Filter>
    </ClInclude>
    <ClInclude Include="..\Headers\Image3D.h">
      <Filter>02.GameObject\Image3D</Filter>
    </ClInclude>
    <ClInclude Include="..\Headers\Trigger.h">
      <Filter>02.GameObject\Trigger</Filter>
    </ClInclude>
    <ClInclude Include="..\Headers\Cube.h">
      <Filter>02.GameObject\Cube</Filter>
    </ClInclude>
    <ClInclude Include="..\Headers\Terrain.h">
      <Filter>02.GameObject\Terrain</Filter>
    </ClInclude>
    <ClInclude Include="..\Headers\Sky.h">
      <Filter>02.GameObject\Sky</Filter>
    </ClInclude>
    <ClInclude Include="..\Headers\Building.h">
      <Filter>02.GameObject\Interactable\Building</Filter>
    </ClInclude>
    <ClInclude Include="..\Headers\Barricade.h">
      <Filter>02.GameObject\Interactable\Building\Barricade</Filter>
    </ClInclude>
    <ClInclude Include="..\Headers\CommandCenter.h">
      <Filter>02.GameObject\Interactable\Building\CommandCenter</Filter>
    </ClInclude>
    <ClInclude Include="..\Headers\Value.h">
      <Filter>05.Utility\01.Value</Filter>
    </ClInclude>
    <ClInclude Include="..\Headers\Unit.h">
      <Filter>02.GameObject\Interactable\Unit</Filter>
    </ClInclude>
    <ClInclude Include="..\Headers\Marine.h">
      <Filter>02.GameObject\Interactable\Unit\00.Marine</Filter>
    </ClInclude>
    <ClInclude Include="..\Headers\PickingMgr.h">
      <Filter>06.PickingMgr</Filter>
    </ClInclude>
    <ClInclude Include="..\Headers\AIStateController.h">
      <Filter>06.Component\AIState\Controller</Filter>
    </ClInclude>
    <ClInclude Include="..\Headers\AIState.h">
      <Filter>06.Component\AIState\AIState</Filter>
    </ClInclude>
    <ClInclude Include="..\Headers\Interactable.h" />
    <ClInclude Include="..\Headers\UI.h">
      <Filter>02.GameObject\UI\UI</Filter>
    </ClInclude>
    <ClInclude Include="StageUIMgr.h">
      <Filter>02.GameObject\UI\Mananger</Filter>
    </ClInclude>
    <ClInclude Include="..\Headers\TileUI.h">
      <Filter>02.GameObject\UI\UI\TileUI</Filter>
    </ClInclude>
    <ClInclude Include="..\Headers\GameManager.h">
      <Filter>07.GameMgr</Filter>
    </ClInclude>
  </ItemGroup>
  <ItemGroup>
    <ClCompile Include="Client.cpp">
      <Filter>98.Default</Filter>
    </ClCompile>
    <ClCompile Include="stdafx.cpp">
      <Filter>98.Default</Filter>
    </ClCompile>
    <ClCompile Include="..\Codes\MainApp.cpp">
      <Filter>00.MainApp</Filter>
    </ClCompile>
    <ClCompile Include="..\Codes\Scene_Loading.cpp">
      <Filter>01.Scene\00.Scene_Loading</Filter>
    </ClCompile>
    <ClCompile Include="..\Codes\Loading.cpp">
      <Filter>01.Scene\00.Scene_Loading\Loading</Filter>
    </ClCompile>
    <ClCompile Include="..\Codes\Scene_Stage.cpp">
      <Filter>01.Scene\01.Scene_Stage</Filter>
    </ClCompile>
    <ClCompile Include="..\Codes\BackGround.cpp">
      <Filter>02.GameObject\BackGround</Filter>
    </ClCompile>
    <ClCompile Include="..\Codes\Camera_Free.cpp">
      <Filter>02.GameObject\Camera\Camera_Free</Filter>
    </ClCompile>
    <ClCompile Include="..\Codes\Level.cpp">
      <Filter>04.Level</Filter>
    </ClCompile>
    <ClCompile Include="..\Codes\Wall.cpp">
      <Filter>02.GameObject\Wall</Filter>
    </ClCompile>
    <ClCompile Include="..\Codes\Scene_Stage2.cpp">
      <Filter>01.Scene\02.Scene_Stage_2</Filter>
    </ClCompile>
    <ClCompile Include="..\Codes\Scene_Stage3.cpp">
      <Filter>01.Scene\03.Scene_Stage_3</Filter>
    </ClCompile>
    <ClCompile Include="..\Codes\Scene_Stage4.cpp">
      <Filter>01.Scene\04.Scene_Stage_4</Filter>
    </ClCompile>
    <ClCompile Include="MyButton.cpp">
      <Filter>02.GameObject\UI\UI\Button</Filter>
    </ClCompile>
    <ClCompile Include="..\Codes\MyImage.cpp">
      <Filter>02.GameObject\UI\UI\Image</Filter>
    </ClCompile>
    <ClCompile Include="..\Codes\Clock.cpp">
      <Filter>05.Utility\00.Clock</Filter>
    </ClCompile>
    <ClCompile Include="..\Codes\Image3D.cpp">
      <Filter>02.GameObject\Image3D</Filter>
    </ClCompile>
    <ClCompile Include="..\Codes\Trigger.cpp">
      <Filter>02.GameObject\Trigger</Filter>
    </ClCompile>
    <ClCompile Include="..\Codes\Cube.cpp">
      <Filter>02.GameObject\Cube</Filter>
    </ClCompile>
    <ClCompile Include="..\Codes\Terrain.cpp">
      <Filter>02.GameObject\Terrain</Filter>
    </ClCompile>
    <ClCompile Include="..\Codes\Sky.cpp">
      <Filter>02.GameObject\Sky</Filter>
    </ClCompile>
    <ClCompile Include="..\Codes\Building.cpp">
      <Filter>02.GameObject\Interactable\Building</Filter>
    </ClCompile>
    <ClCompile Include="..\Codes\Barricade.cpp">
      <Filter>02.GameObject\Interactable\Building\Barricade</Filter>
    </ClCompile>
    <ClCompile Include="..\Codes\CommandCenter.cpp">
      <Filter>02.GameObject\Interactable\Building\CommandCenter</Filter>
    </ClCompile>
    <ClCompile Include="..\Codes\Unit.cpp">
      <Filter>02.GameObject\Interactable\Unit</Filter>
    </ClCompile>
    <ClCompile Include="..\Codes\Marine.cpp">
      <Filter>02.GameObject\Interactable\Unit\00.Marine</Filter>
    </ClCompile>
    <ClCompile Include="..\Codes\PickingMgr.cpp">
      <Filter>06.PickingMgr</Filter>
    </ClCompile>
    <ClCompile Include="..\Codes\AIStateController.cpp">
      <Filter>06.Component\AIState\Controller</Filter>
    </ClCompile>
    <ClCompile Include="..\Codes\AIState.cpp">
      <Filter>06.Component\AIState\AIState</Filter>
    </ClCompile>
    <ClCompile Include="..\Codes\Interactable.cpp" />
    <ClCompile Include="..\Codes\UI.cpp">
      <Filter>02.GameObject\UI\UI</Filter>
    </ClCompile>
    <ClCompile Include="StageUIMgr.cpp">
      <Filter>02.GameObject\UI\Mananger</Filter>
    </ClCompile>
    <ClCompile Include="..\Codes\TileUI.cpp">
      <Filter>02.GameObject\UI\UI\TileUI</Filter>
    </ClCompile>
    <ClCompile Include="..\Codes\GameManager.cpp">
      <Filter>07.GameMgr</Filter>
    </ClCompile>
  </ItemGroup>
  <ItemGroup>
    <Image Include="Client.ico">
      <Filter>98.Default</Filter>
    </Image>
    <Image Include="small.ico">
      <Filter>98.Default</Filter>
    </Image>
  </ItemGroup>
  <ItemGroup>
    <ResourceCompile Include="Client.rc">
      <Filter>98.Default</Filter>
    </ResourceCompile>
  </ItemGroup>
  <ItemGroup>
    <FxCompile Include="..\Bin\ShaderFiles\Shader_Rect.fx">
      <Filter>97.ShaderFiles</Filter>
    </FxCompile>
    <FxCompile Include="..\Bin\ShaderFiles\Shader_ViewPort.fx">
      <Filter>97.ShaderFiles</Filter>
    </FxCompile>
    <FxCompile Include="..\Bin\ShaderFiles\Shader_Cube.fx">
      <Filter>97.ShaderFiles</Filter>
    </FxCompile>
    <FxCompile Include="..\Bin\ShaderFiles\Shader_Terrain.fx">
      <Filter>97.ShaderFiles</Filter>
    </FxCompile>
    <FxCompile Include="..\Bin\ShaderFiles\Shader_Solid.fx">
      <Filter>97.ShaderFiles</Filter>
    </FxCompile>
    <FxCompile Include="..\Bin\ShaderFiles\Shader_Rect_NoImg.fx">
      <Filter>97.ShaderFiles</Filter>
    </FxCompile>
  </ItemGroup>
</Project>